
Microsoft Visual Studio Solution File, Format Version 12.00
# Visual Studio 14
VisualStudioVersion = 14.0.23107.0
MinimumVisualStudioVersion = 10.0.40219.1
Project("{FAE04EC0-301F-11D3-BF4B-00C04F79EFBC}") = "Ecercise_2", "Ecercise_2\Ecercise_2.csproj", "{ACDE9A78-40F1-4D1A-B338-9436AD4FBEFC}"
EndProject
Project("{FAE04EC0-301F-11D3-BF4B-00C04F79EFBC}") = "MyClient", "MyClient\MyClient.csproj", "{ECFEC582-14D8-4A7F-87EF-0179B129D985}"
EndProject
Global
	GlobalSection(SolutionConfigurationPlatforms) = preSolution
		Debug|Any CPU = Debug|Any CPU
		Release|Any CPU = Release|Any CPU
	EndGlobalSection
	GlobalSection(ProjectConfigurationPlatforms) = postSolution
		{ACDE9A78-40F1-4D1A-B338-9436AD4FBEFC}.Debug|Any CPU.ActiveCfg = Debug|Any CPU
		{ACDE9A78-40F1-4D1A-B338-9436AD4FBEFC}.Debug|Any CPU.Build.0 = Debug|Any CPU
		{ACDE9A78-40F1-4D1A-B338-9436AD4FBEFC}.Release|Any CPU.ActiveCfg = Release|Any CPU
		{ACDE9A78-40F1-4D1A-B338-9436AD4FBEFC}.Release|Any CPU.Build.0 = Release|Any CPU
		{ECFEC582-14D8-4A7F-87EF-0179B129D985}.Debug|Any CPU.ActiveCfg = Debug|Any CPU
		{ECFEC582-14D8-4A7F-87EF-0179B129D985}.Debug|Any CPU.Build.0 = Debug|Any CPU
		{ECFEC582-14D8-4A7F-87EF-0179B129D985}.Release|Any CPU.ActiveCfg = Release|Any CPU
		{ECFEC582-14D8-4A7F-87EF-0179B129D985}.Release|Any CPU.Build.0 = Release|Any CPU
	EndGlobalSection
	GlobalSection(SolutionProperties) = preSolution
		HideSolutionNode = FALSE
	EndGlobalSection
EndGlobal
